
Microsoft Visual Studio Solution File, Format Version 12.00
# Visual Studio Version 16
VisualStudioVersion = 16.0.28407.52
MinimumVisualStudioVersion = 10.0.40219.1
Project("{8BC9CEB8-8B4A-11D0-8D11-00A0C91BC942}") = "AVLTree", "AVLTree\AVLTree.vcxproj", "{48ADF581-799B-4699-93F9-7055C0FD559A}"
EndProject
Global
	GlobalSection(SolutionConfigurationPlatforms) = preSolution
		Debug|ARM = Debug|ARM
		Debug|ARM64 = Debug|ARM64
		Debug|x64 = Debug|x64
		Debug|x86 = Debug|x86
		Release|ARM = Release|ARM
		Release|ARM64 = Release|ARM64
		Release|x64 = Release|x64
		Release|x86 = Release|x86
	EndGlobalSection
	GlobalSection(ProjectConfigurationPlatforms) = postSolution
		{48ADF581-799B-4699-93F9-7055C0FD559A}.Debug|ARM.ActiveCfg = Debug|ARM
		{48ADF581-799B-4699-93F9-7055C0FD559A}.Debug|ARM.Build.0 = Debug|ARM
		{48ADF581-799B-4699-93F9-7055C0FD559A}.Debug|ARM64.ActiveCfg = Debug|ARM64
		{48ADF581-799B-4699-93F9-7055C0FD559A}.Debug|ARM64.Build.0 = Debug|ARM64
		{48ADF581-799B-4699-93F9-7055C0FD559A}.Debug|x64.ActiveCfg = Debug|x64
		{48ADF581-799B-4699-93F9-7055C0FD559A}.Debug|x64.Build.0 = Debug|x64
		{48ADF581-799B-4699-93F9-7055C0FD559A}.Debug|x86.ActiveCfg = Debug|x86
		{48ADF581-799B-4699-93F9-7055C0FD559A}.Debug|x86.Build.0 = Debug|x86
		{48ADF581-799B-4699-93F9-7055C0FD559A}.Release|ARM.ActiveCfg = Release|ARM
		{48ADF581-799B-4699-93F9-7055C0FD559A}.Release|ARM.Build.0 = Release|ARM
		{48ADF581-799B-4699-93F9-7055C0FD559A}.Release|ARM64.ActiveCfg = Release|ARM64
		{48ADF581-799B-4699-93F9-7055C0FD559A}.Release|ARM64.Build.0 = Release|ARM64
		{48ADF581-799B-4699-93F9-7055C0FD559A}.Release|x64.ActiveCfg = Release|x64
		{48ADF581-799B-4699-93F9-7055C0FD559A}.Release|x64.Build.0 = Release|x64
		{48ADF581-799B-4699-93F9-7055C0FD559A}.Release|x86.ActiveCfg = Release|x86
		{48ADF581-799B-4699-93F9-7055C0FD559A}.Release|x86.Build.0 = Release|x86
	EndGlobalSection
	GlobalSection(SolutionProperties) = preSolution
		HideSolutionNode = FALSE
	EndGlobalSection
	GlobalSection(ExtensibilityGlobals) = postSolution
		SolutionGuid = {2797EE78-34B0-439F-9333-2A724523F5BC}
	EndGlobalSection
EndGlobal
